
Microsoft Visual Studio Solution File, Format Version 12.00
# Visual Studio Version 17
VisualStudioVersion = 17.9.34728.123
MinimumVisualStudioVersion = 10.0.40219.1
Project("{2150E333-8FDC-42A3-9474-1A3956D46DE8}") = "src", "src", "{E4C73D73-5D04-4D21-8945-10A32D3DE1CF}"
EndProject
Project("{2150E333-8FDC-42A3-9474-1A3956D46DE8}") = "test", "test", "{B223CD48-34D0-4E80-9690-97E65105DBDD}"
EndProject
Project("{2150E333-8FDC-42A3-9474-1A3956D46DE8}") = ".sln", ".sln", "{BB968C4C-EB95-4FAE-AABB-134D0E3B0AF9}"
	ProjectSection(SolutionItems) = preProject
		Directory.Build.props = Directory.Build.props
		Directory.Packages.props = Directory.Packages.props
		docker-compose.yml = docker-compose.yml
		Web.Dockerfile = Web.Dockerfile
		.gitignore = .gitignore
	EndProjectSection
EndProject
Project("{9A19103F-16F7-4668-BE54-9A1E7A4F7556}") = "Business", "src\Business\Business.csproj", "{8E4884A9-06C8-4DAD-B630-7CDBD8CE91C7}"
EndProject
Project("{9A19103F-16F7-4668-BE54-9A1E7A4F7556}") = "Store", "src\Store\Store.csproj", "{23D8BC9D-3391-417C-A312-407728E10A6C}"
EndProject
Project("{9A19103F-16F7-4668-BE54-9A1E7A4F7556}") = "Store.Repositories", "src\Store.Repositories\Store.Repositories.csproj", "{CA77837B-D26D-4FE5-ADF3-862D80BEF62D}"
EndProject
Project("{9A19103F-16F7-4668-BE54-9A1E7A4F7556}") = "Web.Contracts", "src\Web.Contracts\Web.Contracts.csproj", "{E27B7490-059F-4075-B9A3-1C95E1C68095}"
EndProject
Project("{9A19103F-16F7-4668-BE54-9A1E7A4F7556}") = "Store.Postgres", "src\Store.Postgres\Store.Postgres.csproj", "{B54B3EF5-292B-4659-9185-D14795872196}"
EndProject
Project("{9A19103F-16F7-4668-BE54-9A1E7A4F7556}") = "Web.Host", "src\Web.Host\Web.Host.csproj", "{774F85EC-B1E6-485D-A882-C9BDF6C7ECCD}"
EndProject
Project("{FAE04EC0-301F-11D3-BF4B-00C04F79EFBC}") = "Common", "src\Common\Common.csproj", "{1F217EB3-4FBF-45A9-93FE-AD35F2962182}"
EndProject
Project("{2150E333-8FDC-42A3-9474-1A3956D46DE8}") = "docs", "docs", "{CA10D920-42B8-4466-97EE-965024D44116}"
	ProjectSection(SolutionItems) = preProject
		docs\README.md = docs\README.md
		docs\CodeAgreements.md = docs\CodeAgreements.md
	EndProjectSection
EndProject
Project("{FAE04EC0-301F-11D3-BF4B-00C04F79EFBC}") = "Store.Migrations", "src\Store.Migrations\Store.Migrations.csproj", "{BBDD23C9-1E2C-406D-BFCB-5994A7707F4D}"
EndProject
Project("{FAE04EC0-301F-11D3-BF4B-00C04F79EFBC}") = "EventBus", "src\EventBus\EventBus.csproj", "{173B5056-3F28-4909-B138-00475AAF35C9}"
EndProject
Global
	GlobalSection(SolutionConfigurationPlatforms) = preSolution
		Debug|Any CPU = Debug|Any CPU
		Release|Any CPU = Release|Any CPU
	EndGlobalSection
	GlobalSection(ProjectConfigurationPlatforms) = postSolution
		{8E4884A9-06C8-4DAD-B630-7CDBD8CE91C7}.Debug|Any CPU.ActiveCfg = Debug|Any CPU
		{8E4884A9-06C8-4DAD-B630-7CDBD8CE91C7}.Debug|Any CPU.Build.0 = Debug|Any CPU
		{8E4884A9-06C8-4DAD-B630-7CDBD8CE91C7}.Release|Any CPU.ActiveCfg = Release|Any CPU
		{8E4884A9-06C8-4DAD-B630-7CDBD8CE91C7}.Release|Any CPU.Build.0 = Release|Any CPU
		{23D8BC9D-3391-417C-A312-407728E10A6C}.Debug|Any CPU.ActiveCfg = Debug|Any CPU
		{23D8BC9D-3391-417C-A312-407728E10A6C}.Debug|Any CPU.Build.0 = Debug|Any CPU
		{23D8BC9D-3391-417C-A312-407728E10A6C}.Release|Any CPU.ActiveCfg = Release|Any CPU
		{23D8BC9D-3391-417C-A312-407728E10A6C}.Release|Any CPU.Build.0 = Release|Any CPU
		{CA77837B-D26D-4FE5-ADF3-862D80BEF62D}.Debug|Any CPU.ActiveCfg = Debug|Any CPU
		{CA77837B-D26D-4FE5-ADF3-862D80BEF62D}.Debug|Any CPU.Build.0 = Debug|Any CPU
		{CA77837B-D26D-4FE5-ADF3-862D80BEF62D}.Release|Any CPU.ActiveCfg = Release|Any CPU
		{CA77837B-D26D-4FE5-ADF3-862D80BEF62D}.Release|Any CPU.Build.0 = Release|Any CPU
		{E27B7490-059F-4075-B9A3-1C95E1C68095}.Debug|Any CPU.ActiveCfg = Debug|Any CPU
		{E27B7490-059F-4075-B9A3-1C95E1C68095}.Debug|Any CPU.Build.0 = Debug|Any CPU
		{E27B7490-059F-4075-B9A3-1C95E1C68095}.Release|Any CPU.ActiveCfg = Release|Any CPU
		{E27B7490-059F-4075-B9A3-1C95E1C68095}.Release|Any CPU.Build.0 = Release|Any CPU
		{B54B3EF5-292B-4659-9185-D14795872196}.Debug|Any CPU.ActiveCfg = Debug|Any CPU
		{B54B3EF5-292B-4659-9185-D14795872196}.Debug|Any CPU.Build.0 = Debug|Any CPU
		{B54B3EF5-292B-4659-9185-D14795872196}.Release|Any CPU.ActiveCfg = Release|Any CPU
		{B54B3EF5-292B-4659-9185-D14795872196}.Release|Any CPU.Build.0 = Release|Any CPU
		{774F85EC-B1E6-485D-A882-C9BDF6C7ECCD}.Debug|Any CPU.ActiveCfg = Debug|Any CPU
		{774F85EC-B1E6-485D-A882-C9BDF6C7ECCD}.Debug|Any CPU.Build.0 = Debug|Any CPU
		{774F85EC-B1E6-485D-A882-C9BDF6C7ECCD}.Release|Any CPU.ActiveCfg = Release|Any CPU
		{774F85EC-B1E6-485D-A882-C9BDF6C7ECCD}.Release|Any CPU.Build.0 = Release|Any CPU
		{1F217EB3-4FBF-45A9-93FE-AD35F2962182}.Debug|Any CPU.ActiveCfg = Debug|Any CPU
		{1F217EB3-4FBF-45A9-93FE-AD35F2962182}.Debug|Any CPU.Build.0 = Debug|Any CPU
		{1F217EB3-4FBF-45A9-93FE-AD35F2962182}.Release|Any CPU.ActiveCfg = Release|Any CPU
		{1F217EB3-4FBF-45A9-93FE-AD35F2962182}.Release|Any CPU.Build.0 = Release|Any CPU
		{BBDD23C9-1E2C-406D-BFCB-5994A7707F4D}.Debug|Any CPU.ActiveCfg = Debug|Any CPU
		{BBDD23C9-1E2C-406D-BFCB-5994A7707F4D}.Debug|Any CPU.Build.0 = Debug|Any CPU
		{BBDD23C9-1E2C-406D-BFCB-5994A7707F4D}.Release|Any CPU.ActiveCfg = Release|Any CPU
		{BBDD23C9-1E2C-406D-BFCB-5994A7707F4D}.Release|Any CPU.Build.0 = Release|Any CPU
		{173B5056-3F28-4909-B138-00475AAF35C9}.Debug|Any CPU.ActiveCfg = Debug|Any CPU
		{173B5056-3F28-4909-B138-00475AAF35C9}.Debug|Any CPU.Build.0 = Debug|Any CPU
		{173B5056-3F28-4909-B138-00475AAF35C9}.Release|Any CPU.ActiveCfg = Release|Any CPU
		{173B5056-3F28-4909-B138-00475AAF35C9}.Release|Any CPU.Build.0 = Release|Any CPU
	EndGlobalSection
	GlobalSection(SolutionProperties) = preSolution
		HideSolutionNode = FALSE
	EndGlobalSection
	GlobalSection(NestedProjects) = preSolution
		{8E4884A9-06C8-4DAD-B630-7CDBD8CE91C7} = {E4C73D73-5D04-4D21-8945-10A32D3DE1CF}
		{23D8BC9D-3391-417C-A312-407728E10A6C} = {E4C73D73-5D04-4D21-8945-10A32D3DE1CF}
		{CA77837B-D26D-4FE5-ADF3-862D80BEF62D} = {E4C73D73-5D04-4D21-8945-10A32D3DE1CF}
		{E27B7490-059F-4075-B9A3-1C95E1C68095} = {E4C73D73-5D04-4D21-8945-10A32D3DE1CF}
		{B54B3EF5-292B-4659-9185-D14795872196} = {E4C73D73-5D04-4D21-8945-10A32D3DE1CF}
		{774F85EC-B1E6-485D-A882-C9BDF6C7ECCD} = {E4C73D73-5D04-4D21-8945-10A32D3DE1CF}
		{1F217EB3-4FBF-45A9-93FE-AD35F2962182} = {E4C73D73-5D04-4D21-8945-10A32D3DE1CF}
		{BBDD23C9-1E2C-406D-BFCB-5994A7707F4D} = {E4C73D73-5D04-4D21-8945-10A32D3DE1CF}
		{173B5056-3F28-4909-B138-00475AAF35C9} = {E4C73D73-5D04-4D21-8945-10A32D3DE1CF}
	EndGlobalSection
	GlobalSection(ExtensibilityGlobals) = postSolution
		SolutionGuid = {38E6143B-C8A2-40AA-A6E8-E546A47A612B}
	EndGlobalSection
EndGlobal
