
Microsoft Visual Studio Solution File, Format Version 12.00
# Visual Studio Version 17
VisualStudioVersion = 17.9.34728.123
MinimumVisualStudioVersion = 10.0.40219.1
Project("{2150E333-8FDC-42A3-9474-1A3956D46DE8}") = "src", "src", "{E4C73D73-5D04-4D21-8945-10A32D3DE1CF}"
EndProject
Project("{2150E333-8FDC-42A3-9474-1A3956D46DE8}") = "test", "test", "{B223CD48-34D0-4E80-9690-97E65105DBDD}"
EndProject
Project("{2150E333-8FDC-42A3-9474-1A3956D46DE8}") = ".sln", ".sln", "{BB968C4C-EB95-4FAE-AABB-134D0E3B0AF9}"
	ProjectSection(SolutionItems) = preProject
		Directory.Build.props = Directory.Build.props
		Directory.Packages.props = Directory.Packages.props
		docker-compose.yml = docker-compose.yml
		Web.Dockerfile = Web.Dockerfile
		.gitignore = .gitignore
		Directory.Testing.targets = Directory.Testing.targets
	EndProjectSection
EndProject
Project("{9A19103F-16F7-4668-BE54-9A1E7A4F7556}") = "Domain", "src\Domain\Domain.csproj", "{8E4884A9-06C8-4DAD-B630-7CDBD8CE91C7}"
EndProject
Project("{9A19103F-16F7-4668-BE54-9A1E7A4F7556}") = "Store.Repositories", "src\Store.Repositories\Store.Repositories.csproj", "{CA77837B-D26D-4FE5-ADF3-862D80BEF62D}"
EndProject
Project("{9A19103F-16F7-4668-BE54-9A1E7A4F7556}") = "Web.Contracts", "src\Web.Contracts\Web.Contracts.csproj", "{E27B7490-059F-4075-B9A3-1C95E1C68095}"
EndProject
Project("{9A19103F-16F7-4668-BE54-9A1E7A4F7556}") = "Store.Postgres", "src\Store.Postgres\Store.Postgres.csproj", "{B54B3EF5-292B-4659-9185-D14795872196}"
EndProject
Project("{9A19103F-16F7-4668-BE54-9A1E7A4F7556}") = "Web.Host", "src\Web.Host\Web.Host.csproj", "{774F85EC-B1E6-485D-A882-C9BDF6C7ECCD}"
EndProject
Project("{FAE04EC0-301F-11D3-BF4B-00C04F79EFBC}") = "Common", "src\Common\Common.csproj", "{1F217EB3-4FBF-45A9-93FE-AD35F2962182}"
EndProject
Project("{2150E333-8FDC-42A3-9474-1A3956D46DE8}") = "docs", "docs", "{CA10D920-42B8-4466-97EE-965024D44116}"
	ProjectSection(SolutionItems) = preProject
		docs\README.md = docs\README.md
		docs\CodeAgreements.md = docs\CodeAgreements.md
	EndProjectSection
EndProject
Project("{FAE04EC0-301F-11D3-BF4B-00C04F79EFBC}") = "Store.Migrations", "src\Store.Migrations\Store.Migrations.csproj", "{BBDD23C9-1E2C-406D-BFCB-5994A7707F4D}"
EndProject
Project("{FAE04EC0-301F-11D3-BF4B-00C04F79EFBC}") = "Features", "src\Features\Features.csproj", "{E9FF30CC-499B-434B-AEFA-A10E61E4B37E}"
EndProject
Project("{FAE04EC0-301F-11D3-BF4B-00C04F79EFBC}") = "Application.Contracts", "src\Application.Contracts\Application.Contracts.csproj", "{EBBCA1EB-598C-40DE-9E99-E0F7DFFE184E}"
EndProject
Project("{FAE04EC0-301F-11D3-BF4B-00C04F79EFBC}") = "Infrastructure", "src\Infrastructure\Infrastructure.csproj", "{7E17D453-FB78-4031-8BC4-980A106206BF}"
EndProject
Project("{FAE04EC0-301F-11D3-BF4B-00C04F79EFBC}") = "Domain.Primitives", "src\Domain.Primitives\Domain.Primitives.csproj", "{E0391095-564B-408D-8504-E222CFEFE977}"
EndProject
Project("{FAE04EC0-301F-11D3-BF4B-00C04F79EFBC}") = "BackgroundJobs", "src\BackgroundJobs\BackgroundJobs.csproj", "{4163D743-673F-43E0-9797-AAA86D3EFD46}"
EndProject
Project("{FAE04EC0-301F-11D3-BF4B-00C04F79EFBC}") = "Solution.UnitTests", "test\Solution.UnitTests\Solution.UnitTests.csproj", "{F283AECC-2759-438A-83AD-51CC8A8ECA02}"
EndProject
Project("{FAE04EC0-301F-11D3-BF4B-00C04F79EFBC}") = "Web.Client", "src\Web.Client\Web.Client.csproj", "{4FA83E2A-78FE-4ADC-B4AA-B6C8FD2C54F3}"
EndProject
Project("{FAE04EC0-301F-11D3-BF4B-00C04F79EFBC}") = "Web.Client.Generator", "src\Web.Client.Generator\Web.Client.Generator.csproj", "{03F10B0D-872A-46AC-8FF2-59F971FCF334}"
EndProject
Project("{FAE04EC0-301F-11D3-BF4B-00C04F79EFBC}") = "IntegrationTests", "test\IntegrationTests\IntegrationTests.csproj", "{64554FC6-726B-4169-80E7-E616520C4DD7}"
EndProject
Project("{FAE04EC0-301F-11D3-BF4B-00C04F79EFBC}") = "TelegramBot", "src\TelegramBot\TelegramBot.csproj", "{68B08362-A54D-40AB-B16F-428C23296A68}"
EndProject
Global
	GlobalSection(SolutionConfigurationPlatforms) = preSolution
		Debug|Any CPU = Debug|Any CPU
		Release|Any CPU = Release|Any CPU
	EndGlobalSection
	GlobalSection(ProjectConfigurationPlatforms) = postSolution
		{8E4884A9-06C8-4DAD-B630-7CDBD8CE91C7}.Debug|Any CPU.ActiveCfg = Debug|Any CPU
		{8E4884A9-06C8-4DAD-B630-7CDBD8CE91C7}.Debug|Any CPU.Build.0 = Debug|Any CPU
		{8E4884A9-06C8-4DAD-B630-7CDBD8CE91C7}.Release|Any CPU.ActiveCfg = Release|Any CPU
		{8E4884A9-06C8-4DAD-B630-7CDBD8CE91C7}.Release|Any CPU.Build.0 = Release|Any CPU
		{CA77837B-D26D-4FE5-ADF3-862D80BEF62D}.Debug|Any CPU.ActiveCfg = Debug|Any CPU
		{CA77837B-D26D-4FE5-ADF3-862D80BEF62D}.Debug|Any CPU.Build.0 = Debug|Any CPU
		{CA77837B-D26D-4FE5-ADF3-862D80BEF62D}.Release|Any CPU.ActiveCfg = Release|Any CPU
		{CA77837B-D26D-4FE5-ADF3-862D80BEF62D}.Release|Any CPU.Build.0 = Release|Any CPU
		{E27B7490-059F-4075-B9A3-1C95E1C68095}.Debug|Any CPU.ActiveCfg = Debug|Any CPU
		{E27B7490-059F-4075-B9A3-1C95E1C68095}.Debug|Any CPU.Build.0 = Debug|Any CPU
		{E27B7490-059F-4075-B9A3-1C95E1C68095}.Release|Any CPU.ActiveCfg = Release|Any CPU
		{E27B7490-059F-4075-B9A3-1C95E1C68095}.Release|Any CPU.Build.0 = Release|Any CPU
		{B54B3EF5-292B-4659-9185-D14795872196}.Debug|Any CPU.ActiveCfg = Debug|Any CPU
		{B54B3EF5-292B-4659-9185-D14795872196}.Debug|Any CPU.Build.0 = Debug|Any CPU
		{B54B3EF5-292B-4659-9185-D14795872196}.Release|Any CPU.ActiveCfg = Release|Any CPU
		{B54B3EF5-292B-4659-9185-D14795872196}.Release|Any CPU.Build.0 = Release|Any CPU
		{774F85EC-B1E6-485D-A882-C9BDF6C7ECCD}.Debug|Any CPU.ActiveCfg = Debug|Any CPU
		{774F85EC-B1E6-485D-A882-C9BDF6C7ECCD}.Debug|Any CPU.Build.0 = Debug|Any CPU
		{774F85EC-B1E6-485D-A882-C9BDF6C7ECCD}.Release|Any CPU.ActiveCfg = Release|Any CPU
		{774F85EC-B1E6-485D-A882-C9BDF6C7ECCD}.Release|Any CPU.Build.0 = Release|Any CPU
		{1F217EB3-4FBF-45A9-93FE-AD35F2962182}.Debug|Any CPU.ActiveCfg = Debug|Any CPU
		{1F217EB3-4FBF-45A9-93FE-AD35F2962182}.Debug|Any CPU.Build.0 = Debug|Any CPU
		{1F217EB3-4FBF-45A9-93FE-AD35F2962182}.Release|Any CPU.ActiveCfg = Release|Any CPU
		{1F217EB3-4FBF-45A9-93FE-AD35F2962182}.Release|Any CPU.Build.0 = Release|Any CPU
		{BBDD23C9-1E2C-406D-BFCB-5994A7707F4D}.Debug|Any CPU.ActiveCfg = Debug|Any CPU
		{BBDD23C9-1E2C-406D-BFCB-5994A7707F4D}.Debug|Any CPU.Build.0 = Debug|Any CPU
		{BBDD23C9-1E2C-406D-BFCB-5994A7707F4D}.Release|Any CPU.ActiveCfg = Release|Any CPU
		{BBDD23C9-1E2C-406D-BFCB-5994A7707F4D}.Release|Any CPU.Build.0 = Release|Any CPU
		{E9FF30CC-499B-434B-AEFA-A10E61E4B37E}.Debug|Any CPU.ActiveCfg = Debug|Any CPU
		{E9FF30CC-499B-434B-AEFA-A10E61E4B37E}.Debug|Any CPU.Build.0 = Debug|Any CPU
		{E9FF30CC-499B-434B-AEFA-A10E61E4B37E}.Release|Any CPU.ActiveCfg = Release|Any CPU
		{E9FF30CC-499B-434B-AEFA-A10E61E4B37E}.Release|Any CPU.Build.0 = Release|Any CPU
		{EBBCA1EB-598C-40DE-9E99-E0F7DFFE184E}.Debug|Any CPU.ActiveCfg = Debug|Any CPU
		{EBBCA1EB-598C-40DE-9E99-E0F7DFFE184E}.Debug|Any CPU.Build.0 = Debug|Any CPU
		{EBBCA1EB-598C-40DE-9E99-E0F7DFFE184E}.Release|Any CPU.ActiveCfg = Release|Any CPU
		{EBBCA1EB-598C-40DE-9E99-E0F7DFFE184E}.Release|Any CPU.Build.0 = Release|Any CPU
		{7E17D453-FB78-4031-8BC4-980A106206BF}.Debug|Any CPU.ActiveCfg = Debug|Any CPU
		{7E17D453-FB78-4031-8BC4-980A106206BF}.Debug|Any CPU.Build.0 = Debug|Any CPU
		{7E17D453-FB78-4031-8BC4-980A106206BF}.Release|Any CPU.ActiveCfg = Release|Any CPU
		{7E17D453-FB78-4031-8BC4-980A106206BF}.Release|Any CPU.Build.0 = Release|Any CPU
		{E0391095-564B-408D-8504-E222CFEFE977}.Debug|Any CPU.ActiveCfg = Debug|Any CPU
		{E0391095-564B-408D-8504-E222CFEFE977}.Debug|Any CPU.Build.0 = Debug|Any CPU
		{E0391095-564B-408D-8504-E222CFEFE977}.Release|Any CPU.ActiveCfg = Release|Any CPU
		{E0391095-564B-408D-8504-E222CFEFE977}.Release|Any CPU.Build.0 = Release|Any CPU
		{4163D743-673F-43E0-9797-AAA86D3EFD46}.Debug|Any CPU.ActiveCfg = Debug|Any CPU
		{4163D743-673F-43E0-9797-AAA86D3EFD46}.Debug|Any CPU.Build.0 = Debug|Any CPU
		{4163D743-673F-43E0-9797-AAA86D3EFD46}.Release|Any CPU.ActiveCfg = Release|Any CPU
		{4163D743-673F-43E0-9797-AAA86D3EFD46}.Release|Any CPU.Build.0 = Release|Any CPU
		{F283AECC-2759-438A-83AD-51CC8A8ECA02}.Debug|Any CPU.ActiveCfg = Debug|Any CPU
		{F283AECC-2759-438A-83AD-51CC8A8ECA02}.Debug|Any CPU.Build.0 = Debug|Any CPU
		{F283AECC-2759-438A-83AD-51CC8A8ECA02}.Release|Any CPU.ActiveCfg = Release|Any CPU
		{F283AECC-2759-438A-83AD-51CC8A8ECA02}.Release|Any CPU.Build.0 = Release|Any CPU
		{4FA83E2A-78FE-4ADC-B4AA-B6C8FD2C54F3}.Debug|Any CPU.ActiveCfg = Debug|Any CPU
		{4FA83E2A-78FE-4ADC-B4AA-B6C8FD2C54F3}.Debug|Any CPU.Build.0 = Debug|Any CPU
		{4FA83E2A-78FE-4ADC-B4AA-B6C8FD2C54F3}.Release|Any CPU.ActiveCfg = Release|Any CPU
		{4FA83E2A-78FE-4ADC-B4AA-B6C8FD2C54F3}.Release|Any CPU.Build.0 = Release|Any CPU
		{03F10B0D-872A-46AC-8FF2-59F971FCF334}.Debug|Any CPU.ActiveCfg = Debug|Any CPU
		{03F10B0D-872A-46AC-8FF2-59F971FCF334}.Debug|Any CPU.Build.0 = Debug|Any CPU
		{03F10B0D-872A-46AC-8FF2-59F971FCF334}.Release|Any CPU.ActiveCfg = Release|Any CPU
		{03F10B0D-872A-46AC-8FF2-59F971FCF334}.Release|Any CPU.Build.0 = Release|Any CPU
		{64554FC6-726B-4169-80E7-E616520C4DD7}.Debug|Any CPU.ActiveCfg = Debug|Any CPU
		{64554FC6-726B-4169-80E7-E616520C4DD7}.Debug|Any CPU.Build.0 = Debug|Any CPU
		{64554FC6-726B-4169-80E7-E616520C4DD7}.Release|Any CPU.ActiveCfg = Release|Any CPU
		{64554FC6-726B-4169-80E7-E616520C4DD7}.Release|Any CPU.Build.0 = Release|Any CPU
		{68B08362-A54D-40AB-B16F-428C23296A68}.Debug|Any CPU.ActiveCfg = Debug|Any CPU
		{68B08362-A54D-40AB-B16F-428C23296A68}.Debug|Any CPU.Build.0 = Debug|Any CPU
		{68B08362-A54D-40AB-B16F-428C23296A68}.Release|Any CPU.ActiveCfg = Release|Any CPU
		{68B08362-A54D-40AB-B16F-428C23296A68}.Release|Any CPU.Build.0 = Release|Any CPU
	EndGlobalSection
	GlobalSection(SolutionProperties) = preSolution
		HideSolutionNode = FALSE
	EndGlobalSection
	GlobalSection(NestedProjects) = preSolution
		{8E4884A9-06C8-4DAD-B630-7CDBD8CE91C7} = {E4C73D73-5D04-4D21-8945-10A32D3DE1CF}
		{CA77837B-D26D-4FE5-ADF3-862D80BEF62D} = {E4C73D73-5D04-4D21-8945-10A32D3DE1CF}
		{E27B7490-059F-4075-B9A3-1C95E1C68095} = {E4C73D73-5D04-4D21-8945-10A32D3DE1CF}
		{B54B3EF5-292B-4659-9185-D14795872196} = {E4C73D73-5D04-4D21-8945-10A32D3DE1CF}
		{774F85EC-B1E6-485D-A882-C9BDF6C7ECCD} = {E4C73D73-5D04-4D21-8945-10A32D3DE1CF}
		{1F217EB3-4FBF-45A9-93FE-AD35F2962182} = {E4C73D73-5D04-4D21-8945-10A32D3DE1CF}
		{BBDD23C9-1E2C-406D-BFCB-5994A7707F4D} = {E4C73D73-5D04-4D21-8945-10A32D3DE1CF}
		{E9FF30CC-499B-434B-AEFA-A10E61E4B37E} = {E4C73D73-5D04-4D21-8945-10A32D3DE1CF}
		{EBBCA1EB-598C-40DE-9E99-E0F7DFFE184E} = {E4C73D73-5D04-4D21-8945-10A32D3DE1CF}
		{7E17D453-FB78-4031-8BC4-980A106206BF} = {E4C73D73-5D04-4D21-8945-10A32D3DE1CF}
		{E0391095-564B-408D-8504-E222CFEFE977} = {E4C73D73-5D04-4D21-8945-10A32D3DE1CF}
		{4163D743-673F-43E0-9797-AAA86D3EFD46} = {E4C73D73-5D04-4D21-8945-10A32D3DE1CF}
		{F283AECC-2759-438A-83AD-51CC8A8ECA02} = {B223CD48-34D0-4E80-9690-97E65105DBDD}
		{4FA83E2A-78FE-4ADC-B4AA-B6C8FD2C54F3} = {E4C73D73-5D04-4D21-8945-10A32D3DE1CF}
		{03F10B0D-872A-46AC-8FF2-59F971FCF334} = {E4C73D73-5D04-4D21-8945-10A32D3DE1CF}
		{64554FC6-726B-4169-80E7-E616520C4DD7} = {B223CD48-34D0-4E80-9690-97E65105DBDD}
		{68B08362-A54D-40AB-B16F-428C23296A68} = {E4C73D73-5D04-4D21-8945-10A32D3DE1CF}
	EndGlobalSection
	GlobalSection(ExtensibilityGlobals) = postSolution
		SolutionGuid = {38E6143B-C8A2-40AA-A6E8-E546A47A612B}
	EndGlobalSection
EndGlobal
